
Microsoft Visual Studio Solution File, Format Version 12.00
# Visual Studio Version 17
VisualStudioVersion = 17.0.31903.59
MinimumVisualStudioVersion = 10.0.40219.1
Project("{9A19103F-16F7-4668-BE54-9A1E7A4F7556}") = "TodoList.WebApi", "TodoList.WebApi\TodoList.WebApi.csproj", "{54D3E1A4-C9BC-4126-9DD5-AFAC97026519}"
EndProject
Project("{FAE04EC0-301F-11D3-BF4B-00C04F79EFBC}") = "TodoListApi.Tests", "TodoListApi.Tests\TodoListApi.Tests.csproj", "{A5B37856-3660-456F-9CA4-760099C4DF53}"
EndProject
Global
	GlobalSection(SolutionConfigurationPlatforms) = preSolution
		Debug|Any CPU = Debug|Any CPU
		Release|Any CPU = Release|Any CPU
	EndGlobalSection
	GlobalSection(ProjectConfigurationPlatforms) = postSolution
		{54D3E1A4-C9BC-4126-9DD5-AFAC97026519}.Debug|Any CPU.ActiveCfg = Debug|Any CPU
		{54D3E1A4-C9BC-4126-9DD5-AFAC97026519}.Debug|Any CPU.Build.0 = Debug|Any CPU
		{54D3E1A4-C9BC-4126-9DD5-AFAC97026519}.Release|Any CPU.ActiveCfg = Release|Any CPU
		{54D3E1A4-C9BC-4126-9DD5-AFAC97026519}.Release|Any CPU.Build.0 = Release|Any CPU
		{A5B37856-3660-456F-9CA4-760099C4DF53}.Debug|Any CPU.ActiveCfg = Debug|Any CPU
		{A5B37856-3660-456F-9CA4-760099C4DF53}.Debug|Any CPU.Build.0 = Debug|Any CPU
		{A5B37856-3660-456F-9CA4-760099C4DF53}.Release|Any CPU.ActiveCfg = Release|Any CPU
		{A5B37856-3660-456F-9CA4-760099C4DF53}.Release|Any CPU.Build.0 = Release|Any CPU
	EndGlobalSection
	GlobalSection(SolutionProperties) = preSolution
		HideSolutionNode = FALSE
	EndGlobalSection
EndGlobal
